Microsoft Visual Studio Solution File, Format Version 12.00
# Visual Studio Version 17
VisualStudioVersion = 17.5.2.0
MinimumVisualStudioVersion = 10.0.40219.1
Project("{FAE04EC0-301F-11D3-BF4B-00C04F79EFBC}") = "FultonHogan", "FultonHogan.csproj", "{F7C6E80E-748F-6874-D76E-9188A21AAA85}"
EndProject
Global
	GlobalSection(SolutionConfigurationPlatforms) = preSolution
		Debug|Any CPU = Debug|Any CPU
		Release|Any CPU = Release|Any CPU
	EndGlobalSection
	GlobalSection(ProjectConfigurationPlatforms) = postSolution
		{F7C6E80E-748F-6874-D76E-9188A21AAA85}.Debug|Any CPU.ActiveCfg = Debug|Any CPU
		{F7C6E80E-748F-6874-D76E-9188A21AAA85}.Debug|Any CPU.Build.0 = Debug|Any CPU
		{F7C6E80E-748F-6874-D76E-9188A21AAA85}.Release|Any CPU.ActiveCfg = Release|Any CPU
		{F7C6E80E-748F-6874-D76E-9188A21AAA85}.Release|Any CPU.Build.0 = Release|Any CPU
	EndGlobalSection
	GlobalSection(SolutionProperties) = preSolution
		HideSolutionNode = FALSE
	EndGlobalSection
	GlobalSection(ExtensibilityGlobals) = postSolution
		SolutionGuid = {04D95A7F-B8AA-4B3D-8DEF-70C0A1A71B10}
	EndGlobalSection
EndGlobal
